
Microsoft Visual Studio Solution File, Format Version 12.00
# Visual Studio Version 17
VisualStudioVersion = 17.9.34622.214
MinimumVisualStudioVersion = 10.0.40219.1
Project("{FAE04EC0-301F-11D3-BF4B-00C04F79EFBC}") = "Health_Informatics_System_Backend", "Health_Informatics_System_Backend\Health_Informatics_System_Backend.csproj", "{7428729E-5542-4AD6-9A92-A3F4B211A404}"
EndProject
Global
	GlobalSection(SolutionConfigurationPlatforms) = preSolution
		Debug|Any CPU = Debug|Any CPU
		Release|Any CPU = Release|Any CPU
	EndGlobalSection
	GlobalSection(ProjectConfigurationPlatforms) = postSolution
		{7428729E-5542-4AD6-9A92-A3F4B211A404}.Debug|Any CPU.ActiveCfg = Debug|Any CPU
		{7428729E-5542-4AD6-9A92-A3F4B211A404}.Debug|Any CPU.Build.0 = Debug|Any CPU
		{7428729E-5542-4AD6-9A92-A3F4B211A404}.Release|Any CPU.ActiveCfg = Release|Any CPU
		{7428729E-5542-4AD6-9A92-A3F4B211A404}.Release|Any CPU.Build.0 = Release|Any CPU
	EndGlobalSection
	GlobalSection(SolutionProperties) = preSolution
		HideSolutionNode = FALSE
	EndGlobalSection
	GlobalSection(ExtensibilityGlobals) = postSolution
		SolutionGuid = {C8BDAE0B-9233-4FBB-898D-A3EFCE382991}
	EndGlobalSection
EndGlobal
